
Microsoft Visual Studio Solution File, Format Version 12.00
# Visual Studio Version 16
VisualStudioVersion = 16.0.29020.237
MinimumVisualStudioVersion = 10.0.40219.1
Project("{9A19103F-16F7-4668-BE54-9A1E7A4F7556}") = "AnagramSolver.Console", "MainApp\AnagramSolver.Console.csproj", "{EFD78C46-B022-4176-A86A-13FE1323B3A3}"
EndProject
Project("{9A19103F-16F7-4668-BE54-9A1E7A4F7556}") = "AnagramSolver.BusinessLogic", "Implementation.AnagramSolver\AnagramSolver.BusinessLogic.csproj", "{F62CE3CA-E843-4B20-AB24-D5B98B2F2830}"
EndProject
Project("{9A19103F-16F7-4668-BE54-9A1E7A4F7556}") = "AnagramSolver.Contracts", "Interfaces.AnagramSolver\AnagramSolver.Contracts.csproj", "{3F9EA15E-3CDD-49FC-9C6F-BD3768897399}"
EndProject
Project("{9A19103F-16F7-4668-BE54-9A1E7A4F7556}") = "AnagramSolver.BusinessLogic.Tests", "Implementation.AnagramSolver.Tests\AnagramSolver.BusinessLogic.Tests.csproj", "{644C8ECD-32D7-4D61-B06D-4DCE889C6671}"
EndProject
Project("{9A19103F-16F7-4668-BE54-9A1E7A4F7556}") = "AnagramSolver.WebApp", "AnagramSolver.WebApp\AnagramSolver.WebApp.csproj", "{90708BC2-E25E-492B-B362-B73D13DC88F2}"
EndProject
Project("{9A19103F-16F7-4668-BE54-9A1E7A4F7556}") = "AnagramSolver.WebApp.Tests", "AnagramSolver.WebApp.Tests\AnagramSolver.WebApp.Tests.csproj", "{FF61E993-3D1C-4974-857E-B8F2B719A9F0}"
EndProject
Project("{9A19103F-16F7-4668-BE54-9A1E7A4F7556}") = "HttpClientConsole", "HttpClientConsole\HttpClientConsole.csproj", "{D2FDD223-6631-4A48-BBBB-25CA2ACC8606}"
EndProject
Project("{FAE04EC0-301F-11D3-BF4B-00C04F79EFBC}") = "AnagramSolver.LoadToDB.Console", "AnagramSolver.LoadToDB.Console\AnagramSolver.LoadToDB.Console.csproj", "{FA115CEE-555C-441A-B3D4-CFA44E5E0779}"
EndProject
Global
	GlobalSection(SolutionConfigurationPlatforms) = preSolution
		Debug|Any CPU = Debug|Any CPU
		Release|Any CPU = Release|Any CPU
	EndGlobalSection
	GlobalSection(ProjectConfigurationPlatforms) = postSolution
		{EFD78C46-B022-4176-A86A-13FE1323B3A3}.Debug|Any CPU.ActiveCfg = Debug|Any CPU
		{EFD78C46-B022-4176-A86A-13FE1323B3A3}.Debug|Any CPU.Build.0 = Debug|Any CPU
		{EFD78C46-B022-4176-A86A-13FE1323B3A3}.Release|Any CPU.ActiveCfg = Release|Any CPU
		{EFD78C46-B022-4176-A86A-13FE1323B3A3}.Release|Any CPU.Build.0 = Release|Any CPU
		{F62CE3CA-E843-4B20-AB24-D5B98B2F2830}.Debug|Any CPU.ActiveCfg = Debug|Any CPU
		{F62CE3CA-E843-4B20-AB24-D5B98B2F2830}.Debug|Any CPU.Build.0 = Debug|Any CPU
		{F62CE3CA-E843-4B20-AB24-D5B98B2F2830}.Release|Any CPU.ActiveCfg = Release|Any CPU
		{F62CE3CA-E843-4B20-AB24-D5B98B2F2830}.Release|Any CPU.Build.0 = Release|Any CPU
		{3F9EA15E-3CDD-49FC-9C6F-BD3768897399}.Debug|Any CPU.ActiveCfg = Debug|Any CPU
		{3F9EA15E-3CDD-49FC-9C6F-BD3768897399}.Debug|Any CPU.Build.0 = Debug|Any CPU
		{3F9EA15E-3CDD-49FC-9C6F-BD3768897399}.Release|Any CPU.ActiveCfg = Release|Any CPU
		{3F9EA15E-3CDD-49FC-9C6F-BD3768897399}.Release|Any CPU.Build.0 = Release|Any CPU
		{644C8ECD-32D7-4D61-B06D-4DCE889C6671}.Debug|Any CPU.ActiveCfg = Debug|Any CPU
		{644C8ECD-32D7-4D61-B06D-4DCE889C6671}.Debug|Any CPU.Build.0 = Debug|Any CPU
		{644C8ECD-32D7-4D61-B06D-4DCE889C6671}.Release|Any CPU.ActiveCfg = Release|Any CPU
		{644C8ECD-32D7-4D61-B06D-4DCE889C6671}.Release|Any CPU.Build.0 = Release|Any CPU
		{90708BC2-E25E-492B-B362-B73D13DC88F2}.Debug|Any CPU.ActiveCfg = Debug|Any CPU
		{90708BC2-E25E-492B-B362-B73D13DC88F2}.Debug|Any CPU.Build.0 = Debug|Any CPU
		{90708BC2-E25E-492B-B362-B73D13DC88F2}.Release|Any CPU.ActiveCfg = Release|Any CPU
		{90708BC2-E25E-492B-B362-B73D13DC88F2}.Release|Any CPU.Build.0 = Release|Any CPU
		{FF61E993-3D1C-4974-857E-B8F2B719A9F0}.Debug|Any CPU.ActiveCfg = Debug|Any CPU
		{FF61E993-3D1C-4974-857E-B8F2B719A9F0}.Debug|Any CPU.Build.0 = Debug|Any CPU
		{FF61E993-3D1C-4974-857E-B8F2B719A9F0}.Release|Any CPU.ActiveCfg = Release|Any CPU
		{FF61E993-3D1C-4974-857E-B8F2B719A9F0}.Release|Any CPU.Build.0 = Release|Any CPU
		{D2FDD223-6631-4A48-BBBB-25CA2ACC8606}.Debug|Any CPU.ActiveCfg = Debug|Any CPU
		{D2FDD223-6631-4A48-BBBB-25CA2ACC8606}.Debug|Any CPU.Build.0 = Debug|Any CPU
		{D2FDD223-6631-4A48-BBBB-25CA2ACC8606}.Release|Any CPU.ActiveCfg = Release|Any CPU
		{D2FDD223-6631-4A48-BBBB-25CA2ACC8606}.Release|Any CPU.Build.0 = Release|Any CPU
		{FA115CEE-555C-441A-B3D4-CFA44E5E0779}.Debug|Any CPU.ActiveCfg = Debug|Any CPU
		{FA115CEE-555C-441A-B3D4-CFA44E5E0779}.Debug|Any CPU.Build.0 = Debug|Any CPU
		{FA115CEE-555C-441A-B3D4-CFA44E5E0779}.Release|Any CPU.ActiveCfg = Release|Any CPU
		{FA115CEE-555C-441A-B3D4-CFA44E5E0779}.Release|Any CPU.Build.0 = Release|Any CPU
	EndGlobalSection
	GlobalSection(SolutionProperties) = preSolution
		HideSolutionNode = FALSE
	EndGlobalSection
	GlobalSection(ExtensibilityGlobals) = postSolution
		SolutionGuid = {332A223E-0710-432B-B602-97AD2B93D513}
	EndGlobalSection
EndGlobal
